# THIS IS AN AUTOGENERATED FILE. DO NOT EDIT THIS FILE DIRECTLY.
# yarn lockfile v1


ci-info@^1.0.0:
  version "1.0.0"
  resolved "https://registry.yarnpkg.com/ci-info/-/ci-info-1.0.0.tgz#dc5285f2b4e251821683681c381c3388f46ec534"

husky@0.14.1:
  version "0.14.1"
  resolved "https://registry.yarnpkg.com/husky/-/husky-0.14.1.tgz#8edba33e728ceed75343e88bb8002e4cbd8d1b40"
  dependencies:
    is-ci "^1.0.10"
    normalize-path "^1.0.0"
    strip-indent "^2.0.0"

is-ci@^1.0.10:
  version "1.0.10"
  resolved "https://registry.yarnpkg.com/is-ci/-/is-ci-1.0.10.tgz#f739336b2632365061a9d48270cd56ae3369318e"
  dependencies:
    ci-info "^1.0.0"

normalize-path@^1.0.0:
  version "1.0.0"
  resolved "https://registry.yarnpkg.com/normalize-path/-/normalize-path-1.0.0.tgz#32d0e472f91ff345701c15a8311018d3b0a90379"

strip-indent@^2.0.0:
  version "2.0.0"
  resolved "https://registry.yarnpkg.com/strip-indent/-/strip-indent-2.0.0.tgz#5ef8db295d01e6ed6cbf7aab96998d7822527b68"
